// !$*UTF8*$!
{
	archiveVersion = 1;
	classes = {
	};
	objectVersion = 46;
	objects = {

/* Begin PBXBuildFile section */
		1FD81E7A19CDD5F800C9B31F /* Background_Green.png in Resources */ = {isa = PBXBuildFile; fileRef = 1FD81E7919CDD5F800C9B31F /* Background_Green.png */; };
		1FD81E7D19CDE93F00C9B31F /* Background_Red.png in Resources */ = {isa = PBXBuildFile; fileRef = 1FD81E7B19CDE93F00C9B31F /* Background_Red.png */; };
		1FD81E8019CDE9CB00C9B31F /* Background_Gray.png in Resources */ = {isa = PBXBuildFile; fileRef = 1FD81E7F19CDE9CB00C9B31F /* Background_Gray.png */; };
		1FF117DE19CD9DFD00437E9C /* AppDelegate.swift in Sources */ = {isa = PBXBuildFile; fileRef = 1FF117DD19CD9DFD00437E9C /* AppDelegate.swift */; };
		1FF117E019CD9DFD00437E9C /* ViewController.swift in Sources */ = {isa = PBXBuildFile; fileRef = 1FF117DF19CD9DFD00437E9C /* ViewController.swift */; };
		1FF117E319CD9DFD00437E9C /* Main.storyboard in Resources */ = {isa = PBXBuildFile; fileRef = 1FF117E119CD9DFD00437E9C /* Main.storyboard */; };
		1FF117E519CD9DFD00437E9C /* Images.xcassets in Resources */ = {isa = PBXBuildFile; fileRef = 1FF117E419CD9DFD00437E9C /* Images.xcassets */; };
		1FF117E819CD9DFD00437E9C /* LaunchScreen.xib in Resources */ = {isa = PBXBuildFile; fileRef = 1FF117E619CD9DFD00437E9C /* LaunchScreen.xib */; };
		1FF117F419CD9DFD00437E9C /* MetallDetektorTests.swift in Sources */ = {isa = PBXBuildFile; fileRef = 1FF117F319CD9DFD00437E9C /* MetallDetektorTests.swift */; };
/* End PBXBuildFile section */

/* Begin PBXContainerItemProxy section */
		1FF117EE19CD9DFD00437E9C /* PBXContainerItemProxy */ = {
			isa = PBXContainerItemProxy;
			containerPortal = 1FF117D019CD9DFD00437E9C /* Project object */;
			proxyType = 1;
			remoteGlobalIDString = 1FF117D719CD9DFD00437E9C;
			remoteInfo = MetallDetektor;
		};
/* End PBXContainerItemProxy section */

/* Begin PBXFileReference section */
		1FD81E7919CDD5F800C9B31F /* Background_Green.png */ = {isa = PBXFileReference; lastKnownFileType = image.png; path = Background_Green.png; sourceTree = "<group>"; };
		1FD81E7B19CDE93F00C9B31F /* Background_Red.png */ = {isa = PBXFileReference; lastKnownFileType = image.png; path = Background_Red.png; sourceTree = "<group>"; };
		1FD81E7F19CDE9CB00C9B31F /* Background_Gray.png */ = {isa = PBXFileReference; lastKnownFileType = image.png; path = Background_Gray.png; sourceTree = "<group>"; };
		1FF117D819CD9DFD00437E9C /* MetallDetektor.app */ = {isa = PBXFileReference; explicitFileType = wrapper.application; includeInIndex = 0; path = MetallDetektor.app; sourceTree = BUILT_PRODUCTS_DIR; };
		1FF117DC19CD9DFD00437E9C /* Info.plist */ = {isa = PBXFileReference; lastKnownFileType = text.plist.xml; path = Info.plist; sourceTree = "<group>"; };
		1FF117DD19CD9DFD00437E9C /* AppDelegate.swift */ = {isa = PBXFileReference; lastKnownFileType = sourcecode.swift; path = AppDelegate.swift; sourceTree = "<group>"; };
		1FF117DF19CD9DFD00437E9C /* ViewController.swift */ = {isa = PBXFileReference; lastKnownFileType = sourcecode.swift; path = ViewController.swift; sourceTree = "<group>"; };
		1FF117E219CD9DFD00437E9C /* Base */ = {isa = PBXFileReference; explicitFileType = image.jpeg; name = Base; path = Base.lproj/Main.storyboard; sourceTree = "<group>"; };
		1FF117E419CD9DFD00437E9C /* Images.xcassets */ = {isa = PBXFileReference; lastKnownFileType = folder.assetcatalog; path = Images.xcassets; sourceTree = "<group>"; };
		1FF117E719CD9DFD00437E9C /* Base */ = {isa = PBXFileReference; lastKnownFileType = file.xib; name = Base; path = Base.lproj/LaunchScreen.xib; sourceTree = "<group>"; };
		1FF117ED19CD9DFD00437E9C /* MetallDetektorTests.xctest */ = {isa = PBXFileReference; explicitFileType = wrapper.cfbundle; includeInIndex = 0; path = MetallDetektorTests.xctest; sourceTree = BUILT_PRODUCTS_DIR; };
		1FF117F219CD9DFD00437E9C /* Info.plist */ = {isa = PBXFileReference; lastKnownFileType = text.plist.xml; path = Info.plist; sourceTree = "<group>"; };
		1FF117F319CD9DFD00437E9C /* MetallDetektorTests.swift */ = {isa = PBXFileReference; lastKnownFileType = sourcecode.swift; path = MetallDetektorTests.swift; sourceTree = "<group>"; };
/* End PBXFileReference section */

/* Begin PBXFrameworksBuildPhase section */
		1FF117D519CD9DFD00437E9C /* Frameworks */ = {
			isa = PBXFrameworksBuildPhase;
			buildActionMask = 2147483647;
			files = (
			);
			runOnlyForDeploymentPostprocessing = 0;
		};
		1FF117EA19CD9DFD00437E9C /* Frameworks */ = {
			isa = PBXFrameworksBuildPhase;
			buildActionMask = 2147483647;
			files = (
			);
			runOnlyForDeploymentPostprocessing = 0;
		};
/* End PBXFrameworksBuildPhase section */

/* Begin PBXGroup section */
		1FF117CF19CD9DFD00437E9C = {
			isa = PBXGroup;
			children = (
				1FF117DA19CD9DFD00437E9C /* MetallDetektor */,
				1FF117F019CD9DFD00437E9C /* MetallDetektorTests */,
				1FF117D919CD9DFD00437E9C /* Products */,
			);
			sourceTree = "<group>";
		};
		1FF117D919CD9DFD00437E9C /* Products */ = {
			isa = PBXGroup;
			children = (
				1FF117D819CD9DFD00437E9C /* MetallDetektor.app */,
				1FF117ED19CD9DFD00437E9C /* MetallDetektorTests.xctest */,
			);
			name = Products;
			sourceTree = "<group>";
		};
		1FF117DA19CD9DFD00437E9C /* MetallDetektor */ = {
			isa = PBXGroup;
			children = (
				1FF117DD19CD9DFD00437E9C /* AppDelegate.swift */,
				1FF117DF19CD9DFD00437E9C /* ViewController.swift */,
				1FF117E119CD9DFD00437E9C /* Main.storyboard */,
				1FF117E419CD9DFD00437E9C /* Images.xcassets */,
				1FF117E619CD9DFD00437E9C /* LaunchScreen.xib */,
				1FF117DB19CD9DFD00437E9C /* Supporting Files */,
			);
			path = MetallDetektor;
			sourceTree = "<group>";
		};
		1FF117DB19CD9DFD00437E9C /* Supporting Files */ = {
			isa = PBXGroup;
			children = (
				1F8F582C19CDCF2C008B5537 /* Background_Grenn.png */,
				1FF117DC19CD9DFD00437E9C /* Info.plist */,
				1FD81E7F19CDE9CB00C9B31F /* Background_Gray.png */,
				1FD81E7B19CDE93F00C9B31F /* Background_Red.png */,
				1FD81E7919CDD5F800C9B31F /* Background_Green.png */,
			);
			name = "Supporting Files";
			sourceTree = "<group>";
		};
		1FF117F019CD9DFD00437E9C /* MetallDetektorTests */ = {
			isa = PBXGroup;
			children = (
				1FF117F319CD9DFD00437E9C /* MetallDetektorTests.swift */,
				1FF117F119CD9DFD00437E9C /* Supporting Files */,
			);
			path = MetallDetektorTests;
			sourceTree = "<group>";
		};
		1FF117F119CD9DFD00437E9C /* Supporting Files */ = {
			isa = PBXGroup;
			children = (
				1FF117F219CD9DFD00437E9C /* Info.plist */,
			);
			name = "Supporting Files";
			sourceTree = "<group>";
		};
/* End PBXGroup section */

/* Begin PBXNativeTarget section */
		1FF117D719CD9DFD00437E9C /* MetallDetektor */ = {
			isa = PBXNativeTarget;
			buildConfigurationList = 1FF117F719CD9DFD00437E9C /* Build configuration list for PBXNativeTarget "MetallDetektor" */;
			buildPhases = (
				1FF117D419CD9DFD00437E9C /* Sources */,
				1FF117D519CD9DFD00437E9C /* Frameworks */,
				1FF117D619CD9DFD00437E9C /* Resources */,
			);
			buildRules = (
			);
			dependencies = (
			);
			name = MetallDetektor;
			productName = MetallDetektor;
			productReference = 1FF117D819CD9DFD00437E9C /* MetallDetektor.app */;
			productType = "com.apple.product-type.application";
		};
		1FF117EC19CD9DFD00437E9C /* MetallDetektorTests */ = {
			isa = PBXNativeTarget;
			buildConfigurationList = 1FF117FA19CD9DFD00437E9C /* Build configuration list for PBXNativeTarget "MetallDetektorTests" */;
			buildPhases = (
				1FF117E919CD9DFD00437E9C /* Sources */,
				1FF117EA19CD9DFD00437E9C /* Frameworks */,
				1FF117EB19CD9DFD00437E9C /* Resources */,
			);
			buildRules = (
			);
			dependencies = (
				1FF117EF19CD9DFD00437E9C /* PBXTargetDependency */,
			);
			name = MetallDetektorTests;
			productName = MetallDetektorTests;
			productReference = 1FF117ED19CD9DFD00437E9C /* MetallDetektorTests.xctest */;
			productType = "com.apple.product-type.bundle.unit-test";
		};
/* End PBXNativeTarget section */

/* Begin PBXProject section */
		1FF117D019CD9DFD00437E9C /* Project object */ = {
			isa = PBXProject;
			attributes = {
				LastUpgradeCheck = 0600;
				ORGANIZATIONNAME = "Marcel Hess";
				TargetAttributes = {
					1FF117D719CD9DFD00437E9C = {
						CreatedOnToolsVersion = 6.0.1;
					};
					1FF117EC19CD9DFD00437E9C = {
						CreatedOnToolsVersion = 6.0.1;
						TestTargetID = 1FF117D719CD9DFD00437E9C;
					};
				};
			};
			buildConfigurationList = 1FF117D319CD9DFD00437E9C /* Build configuration list for PBXProject "MetallDetektor" */;
			compatibilityVersion = "Xcode 3.2";
			developmentRegion = English;
			hasScannedForEncodings = 0;
			knownRegions = (
				en,
				Base,
			);
			mainGroup = 1FF117CF19CD9DFD00437E9C;
			productRefGroup = 1FF117D919CD9DFD00437E9C /* Products */;
			projectDirPath = "";
			projectRoot = "";
			targets = (
				1FF117D719CD9DFD00437E9C /* MetallDetektor */,
				1FF117EC19CD9DFD00437E9C /* MetallDetektorTests */,
			);
		};
/* End PBXProject section */

/* Begin PBXResourcesBuildPhase section */
		1FF117D619CD9DFD00437E9C /* Resources */ = {
			isa = PBXResourcesBuildPhase;
			buildActionMask = 2147483647;
			files = (
				1FD81E7D19CDE93F00C9B31F /* Background_Red.png in Resources */,
				1FD81E7A19CDD5F800C9B31F /* Background_Green.png in Resources */,
				1FF117E319CD9DFD00437E9C /* Main.storyboard in Resources */,
				1FF117E819CD9DFD00437E9C /* LaunchScreen.xib in Resources */,
				1FD81E8019CDE9CB00C9B31F /* Background_Gray.png in Resources */,
				1FF117E519CD9DFD00437E9C /* Images.xcassets in Resources */,
			);
			runOnlyForDeploymentPostprocessing = 0;
		};
		1FF117EB19CD9DFD00437E9C /* Resources */ = {
			isa = PBXResourcesBuildPhase;
			buildActionMask = 2147483647;
			files = (
			);
			runOnlyForDeploymentPostprocessing = 0;
		};
/* End PBXResourcesBuildPhase section */

/* Begin PBXSourcesBuildPhase section */
		1FF117D419CD9DFD00437E9C /* Sources */ = {
			isa = PBXSourcesBuildPhase;
			buildActionMask = 2147483647;
			files = (
				1FF117E019CD9DFD00437E9C /* ViewController.swift in Sources */,
				1FF117DE19CD9DFD00437E9C /* AppDelegate.swift in Sources */,
			);
			runOnlyForDeploymentPostprocessing = 0;
		};
		1FF117E919CD9DFD00437E9C /* Sources */ = {
			isa = PBXSourcesBuildPhase;
			buildActionMask = 2147483647;
			files = (
				1FF117F419CD9DFD00437E9C /* MetallDetektorTests.swift in Sources */,
			);
			runOnlyForDeploymentPostprocessing = 0;
		};
/* End PBXSourcesBuildPhase section */

/* Begin PBXTargetDependency section */
		1FF117EF19CD9DFD00437E9C /* PBXTargetDependency */ = {
			isa = PBXTargetDependency;
			target = 1FF117D719CD9DFD00437E9C /* MetallDetektor */;
			targetProxy = 1FF117EE19CD9DFD00437E9C /* PBXContainerItemProxy */;
		};
/* End PBXTargetDependency section */

/* Begin PBXVariantGroup section */
		1FF117E119CD9DFD00437E9C /* Main.storyboard */ = {
			isa = PBXVariantGroup;
			children = (
				1FF117E219CD9DFD00437E9C /* Base */,
			);
			name = Main.storyboard;
			sourceTree = "<group>";
		};
		1FF117E619CD9DFD00437E9C /* LaunchScreen.xib */ = {
			isa = PBXVariantGroup;
			children = (
				1FF117E719CD9DFD00437E9C /* Base */,
			);
			name = LaunchScreen.xib;
			sourceTree = "<group>";
		};
/* End PBXVariantGroup section */

/* Begin XCBuildConfiguration section */
		1FF117F519CD9DFD00437E9C /* Debug */ = {
			isa = XCBuildConfiguration;
			buildSettings = {
				ALWAYS_SEARCH_USER_PATHS = NO;
				CLANG_CXX_LANGUAGE_STANDARD = "gnu++0x";
				CLANG_CXX_LIBRARY = "libc++";
				CLANG_ENABLE_MODULES = YES;
				CLANG_ENABLE_OBJC_ARC = YES;
				CLANG_WARN_BOOL_CONVERSION = YES;
				CLANG_WARN_CONSTANT_CONVERSION = YES;
				CLANG_WARN_DIRECT_OBJC_ISA_USAGE = YES_ERROR;
				CLANG_WARN_EMPTY_BODY = YES;
				CLANG_WARN_ENUM_CONVERSION = YES;
				CLANG_WARN_INT_CONVERSION = YES;
				CLANG_WARN_OBJC_ROOT_CLASS = YES_ERROR;
				CLANG_WARN_UNREACHABLE_CODE = YES;
				CLANG_WARN__DUPLICATE_METHOD_MATCH = YES;
				"CODE_SIGN_IDENTITY[sdk=iphoneos*]" = "iPhone Developer";
				COPY_PHASE_STRIP = NO;
				ENABLE_STRICT_OBJC_MSGSEND = YES;
				GCC_C_LANGUAGE_STANDARD = gnu99;
				GCC_DYNAMIC_NO_PIC = NO;
				GCC_OPTIMIZATION_LEVEL = 0;
				GCC_PREPROCESSOR_DEFINITIONS = (
					"DEBUG=1",
					"$(inherited)",
				);
				GCC_SYMBOLS_PRIVATE_EXTERN = NO;
				GCC_WARN_64_TO_32_BIT_CONVERSION = YES;
				GCC_WARN_ABOUT_RETURN_TYPE = YES_ERROR;
				GCC_WARN_UNDECLARED_SELECTOR = YES;
				GCC_WARN_UNINITIALIZED_AUTOS = YES_AGGRESSIVE;
				GCC_WARN_UNUSED_FUNCTION = YES;
				GCC_WARN_UNUSED_VARIABLE = YES;
				IPHONEOS_DEPLOYMENT_TARGET = 8.0;
				MTL_ENABLE_DEBUG_INFO = YES;
				ONLY_ACTIVE_ARCH = YES;
				SDKROOT = iphoneos;
				SWIFT_OPTIMIZATION_LEVEL = "-Onone";
			};
			name = Debug;
		};
		1FF117F619CD9DFD00437E9C /* Release */ = {
			isa = XCBuildConfiguration;
			buildSettings = {
				ALWAYS_SEARCH_USER_PATHS = NO;
				CLANG_CXX_LANGUAGE_STANDARD = "gnu++0x";
				CLANG_CXX_LIBRARY = "libc++";
				CLANG_ENABLE_MODULES = YES;
				CLANG_ENABLE_OBJC_ARC = YES;
				CLANG_WARN_BOOL_CONVERSION = YES;
				CLANG_WARN_CONSTANT_CONVERSION = YES;
				CLANG_WARN_DIRECT_OBJC_ISA_USAGE = YES_ERROR;
				CLANG_WARN_EMPTY_BODY = YES;
				CLANG_WARN_ENUM_CONVERSION = YES;
				CLANG_WARN_INT_CONVERSION = YES;
				CLANG_WARN_OBJC_ROOT_CLASS = YES_ERROR;
				CLANG_WARN_UNREACHABLE_CODE = YES;
				CLANG_WARN__DUPLICATE_METHOD_MATCH = YES;
				"CODE_SIGN_IDENTITY[sdk=iphoneos*]" = "iPhone Developer";
				COPY_PHASE_STRIP = YES;
				ENABLE_NS_ASSERTIONS = NO;
				ENABLE_STRICT_OBJC_MSGSEND = YES;
				GCC_C_LANGUAGE_STANDARD = gnu99;
				GCC_WARN_64_TO_32_BIT_CONVERSION = YES;
				GCC_WARN_ABOUT_RETURN_TYPE = YES_ERROR;
				GCC_WARN_UNDECLARED_SELECTOR = YES;
				GCC_WARN_UNINITIALIZED_AUTOS = YES_AGGRESSIVE;
				GCC_WARN_UNUSED_FUNCTION = YES;
				GCC_WARN_UNUSED_VARIABLE = YES;
				IPHONEOS_DEPLOYMENT_TARGET = 8.0;
				MTL_ENABLE_DEBUG_INFO = NO;
				SDKROOT = iphoneos;
				VALIDATE_PRODUCT = YES;
			};
			name = Release;
		};
		1FF117F819CD9DFD00437E9C /* Debug */ = {
			isa = XCBuildConfiguration;
			buildSettings = {
				ASSETCATALOG_COMPILER_APPICON_NAME = AppIcon;
				INFOPLIST_FILE = MetallDetektor/Info.plist;
				LD_RUNPATH_SEARCH_PATHS = "$(inherited) @executable_path/Frameworks";
				PRODUCT_NAME = "$(TARGET_NAME)";
			};
			name = Debug;
		};
		1FF117F919CD9DFD00437E9C /* Release */ = {
			isa = XCBuildConfiguration;
			buildSettings = {
				ASSETCATALOG_COMPILER_APPICON_NAME = AppIcon;
				INFOPLIST_FILE = MetallDetektor/Info.plist;
				LD_RUNPATH_SEARCH_PATHS = "$(inherited) @executable_path/Frameworks";
				PRODUCT_NAME = "$(TARGET_NAME)";
			};
			name = Release;
		};
		1FF117FB19CD9DFD00437E9C /* Debug */ = {
			isa = XCBuildConfiguration;
			buildSettings = {
				BUNDLE_LOADER = "$(TEST_HOST)";
				FRAMEWORK_SEARCH_PATHS = (
					"$(SDKROOT)/Developer/Library/Frameworks",
					"$(inherited)",
				);
				GCC_PREPROCESSOR_DEFINITIONS = (
					"DEBUG=1",
					"$(inherited)",
				);
				INFOPLIST_FILE = MetallDetektorTests/Info.plist;
				LD_RUNPATH_SEARCH_PATHS = "$(inherited) @executable_path/Frameworks @loader_path/Frameworks";
				PRODUCT_NAME = "$(TARGET_NAME)";
				TEST_HOST = "$(BUILT_PRODUCTS_DIR)/MetallDetektor.app/MetallDetektor";
			};
			name = Debug;
		};
		1FF117FC19CD9DFD00437E9C /* Release */ = {
			isa = XCBuildConfiguration;
			buildSettings = {
				BUNDLE_LOADER = "$(TEST_HOST)";
				FRAMEWORK_SEARCH_PATHS = (
					"$(SDKROOT)/Developer/Library/Frameworks",
					"$(inherited)",
				);
				INFOPLIST_FILE = MetallDetektorTests/Info.plist;
				LD_RUNPATH_SEARCH_PATHS = "$(inherited) @executable_path/Frameworks @loader_path/Frameworks";
				PRODUCT_NAME = "$(TARGET_NAME)";
				TEST_HOST = "$(BUILT_PRODUCTS_DIR)/MetallDetektor.app/MetallDetektor";
			};
			name = Release;
		};
/* End XCBuildConfiguration section */

/* Begin XCConfigurationList section */
		1FF117D319CD9DFD00437E9C /* Build configuration list for PBXProject "MetallDetektor" */ = {
			isa = XCConfigurationList;
			buildConfigurations = (
				1FF117F519CD9DFD00437E9C /* Debug */,
				1FF117F619CD9DFD00437E9C /* Release */,
			);
			defaultConfigurationIsVisible = 0;
			defaultConfigurationName = Release;
		};
		1FF117F719CD9DFD00437E9C /* Build configuration list for PBXNativeTarget "MetallDetektor" */ = {
			isa = XCConfigurationList;
			buildConfigurations = (
				1FF117F819CD9DFD00437E9C /* Debug */,
				1FF117F919CD9DFD00437E9C /* Release */,
			);
			defaultConfigurationIsVisible = 0;
			defaultConfigurationName = Release;
		};
		1FF117FA19CD9DFD00437E9C /* Build configuration list for PBXNativeTarget "MetallDetektorTests" */ = {
			isa = XCConfigurationList;
			buildConfigurations = (
				1FF117FB19CD9DFD00437E9C /* Debug */,
				1FF117FC19CD9DFD00437E9C /* Release */,
			);
			defaultConfigurationIsVisible = 0;
			defaultConfigurationName = Release;
		};
/* End XCConfigurationList section */
	};
	rootObject = 1FF117D019CD9DFD00437E9C /* Project object */;
}
